<Solution>
  <Folder Name="/Backend/" />
  <Folder Name="/Backend/EirService/">
    <Project Path="Backend/EirService/EirService.Api/EirService.Api.csproj" />
    <Project Path="Backend/EirService/EirService.Test/EirService.Test.csproj" Id="37019f88-ece4-4db3-837c-70e45bddcee4" />
  </Folder>
  <Folder Name="/Backend/EirService/Modules/" />
  <Folder Name="/Backend/EirService/Modules/Insights/">
    <Project Path="Backend/EirService/Modules/Insights/EirService.Insights.Application/EirService.Insights.Application.csproj" Id="fbcadd4c-04df-4bd9-b936-769ab646dba1" />
    <Project Path="Backend/EirService/Modules/Insights/EirService.Insights.Domain/EirService.Insights.Domain.csproj" Id="5bea276a-7430-4be4-9d25-8ee28fe02d28" />
    <Project Path="Backend/EirService/Modules/Insights/EirService.Insights.Infrastructure/EirService.Insights.Infrastructure.csproj" Id="7eddef8e-2f60-4702-a9b7-e2e222fb28dc" />
  </Folder>
  <Folder Name="/Backend/EirService/Modules/KnowledgeBase/">
    <Project Path="Backend/EirService/Modules/KnowledgeBase/EirService.KnowledgeBase.Application/EirService.KnowledgeBase.Application.csproj" Id="1c4c873c-b0cf-46ad-bd0a-e3c1c065065f" />
    <Project Path="Backend/EirService/Modules/KnowledgeBase/EirService.KnowledgeBase.Domain/EirService.KnowledgeBase.Domain.csproj" Id="3650b0f4-eee2-450b-b947-ad1fe0db4826" />
    <Project Path="Backend/EirService/Modules/KnowledgeBase/EirService.KnowledgeBase.Infrastructure/EirService.KnowledgeBase.Infrastructure.csproj" Id="fef6d78d-3d32-42d1-814d-fe301a9b4b23" />
  </Folder>
  <Folder Name="/Backend/EirService/Modules/Participants/">
    <Project Path="Backend/EirService/Modules/Participants/EirService.Participants.Application/EirService.Participants.Application.csproj" Id="7f4a2806-c186-4ee3-8f54-4f53397b4915" />
    <Project Path="Backend/EirService/Modules/Participants/EirService.Participants.Domain/EirService.Participants.Domain.csproj" Id="0672d4c0-7cba-4482-878d-559463e91324" />
    <Project Path="Backend/EirService/Modules/Participants/EirService.Participants.Infrastructure/EirService.Participants.Infrastructure.csproj" Id="d7354219-4797-4858-8258-cd29311fb22f" />
  </Folder>
  <Folder Name="/Backend/EirService/Modules/Sessions/">
    <Project Path="Backend/EirService/Modules/Sessions/EirService.Sessions.Application/EirService.Sessions.Application.csproj" Id="75d6b989-fa86-42a3-b190-c87905d3c931" />
    <Project Path="Backend/EirService/Modules/Sessions/EirService.Sessions.Domain/EirService.Sessions.Domain.csproj" Id="31fba495-8d77-485c-a3f2-69c9b4e273bc" />
    <Project Path="Backend/EirService/Modules/Sessions/EirService.Sessions.Infrastructure/EirService.Sessions.Infrastructure.csproj" Id="66db46b9-2bfe-4f26-82d8-7a996d45cf06" />
  </Folder>
  <Folder Name="/Backend/GnaService/">
    <Project Path="Backend/GnaService/GnaService.Api/GnaService.Api.csproj" />
    <Project Path="Backend/GnaService/GnaService.Application/GnaService.Application.csproj" Id="e57cff89-43d6-4667-81fe-206b044430d2" />
    <Project Path="Backend/GnaService/GnaService.Domain/GnaService.Domain.csproj" Id="6d71f14e-cdd2-47e6-8b35-39c6f1dfe6ee" />
    <Project Path="Backend/GnaService/GnaService.Infrastructure/GnaService.Infrastructure.csproj" Id="484d328e-d20a-41db-b025-2618a2aa0f89" />
    <Project Path="Backend/GnaService/GnaService.Test/GnaService.Test.csproj" Id="74bfc276-858a-413d-b5ad-a87210a01182" />
  </Folder>
  <Folder Name="/Backend/MimirService/">
    <Project Path="Backend/MimirService/MimirService.Api/MimirService.Api.csproj" />
    <Project Path="Backend/MimirService/MimirService.Application/MimirService.Application.csproj" Id="c78544e8-0645-4869-84e8-264250fa7130" />
    <Project Path="Backend/MimirService/MimirService.Domain/MimirService.Domain.csproj" Id="e1e00ea8-21a6-4ac5-a02b-cdd1563314b8" />
    <Project Path="Backend/MimirService/MimirService.Infrastructure/MimirService.Infrastructure.csproj" Id="5cdf2735-5571-4925-91e1-a777a98169a1" />
    <Project Path="Backend/MimirService/MimirService.Test/MimirService.Test.csproj" Id="f9a792eb-9a45-4880-87bf-20e13a986825" />
  </Folder>
  <Folder Name="/Backend/Shared/">
    <Project Path="Backend/Shared/Shared.Api/Shared.Api.csproj" Id="976bea3b-b158-423e-9bc2-f9404c95da1a" />
    <Project Path="Backend/Shared/Shared.Application/Shared.Application.csproj" Id="2416aa74-447e-43a4-a2fd-98da276fd814" />
    <Project Path="Backend/Shared/Shared.Domain/Shared.Domain.csproj" Id="090c9118-29d8-4628-bccf-95beedf657e9" />
    <Project Path="Backend/Shared/Shared.Infrastructure/Shared.Infrastructure.csproj" Id="507a4888-ef24-42b0-81ca-3365b3a7216c" />
    <Project Path="Backend/Shared/Shared.Test/Shared.Test.csproj" Id="350d4778-c3dd-4f03-b324-457d7c2d540e" />
  </Folder>
  <Folder Name="/Frontend/">
    <Project Path="Frontend/GlitnirFrontend/GlitnirFrontend.esproj">
      <Build />
      <Deploy />
    </Project>
  </Folder>
  <Folder Name="/Orchestration/">
    <Project Path="Orchestration/HeimdallGateway/HeimdallGateway.csproj" />
    <Project Path="Orchestration/VarService/VarService.csproj" Id="7b571413-0f97-4d16-98ab-2d95b5589345" />
    <Project Path="Orchestration/YggdrasilService/YggdrasilService.AppHost/YggdrasilService.AppHost.csproj" Id="3062fc6e-88ed-49d1-9038-ce5d3e45be5e" />
    <Project Path="Orchestration/YggdrasilService/YggdrasilService.ServiceDefaults/YggdrasilService.ServiceDefaults.csproj" />
  </Folder>
  <Folder Name="/Temp/">
    <Project Path="Temp/TestFrontend/TestFrontend.esproj">
      <Build />
      <Deploy />
    </Project>
  </Folder>
</Solution>
